
Microsoft Visual Studio Solution File, Format Version 12.00
# Visual Studio Version 16
VisualStudioVersion = 16.0.29306.81
MinimumVisualStudioVersion = 10.0.40219.1
Project("{8BC9CEB8-8B4A-11D0-8D11-00A0C91BC942}") = "Kelvin", "Kelvin.vcxproj", "{8E122171-3A75-42D6-99EA-6E9D4F89E9A6}"
EndProject
Global
	GlobalSection(SolutionConfigurationPlatforms) = preSolution
		Debug|x64 = Debug|x64
		Debug|x86 = Debug|x86
		Release|x64 = Release|x64
		Release|x86 = Release|x86
	EndGlobalSection
	GlobalSection(ProjectConfigurationPlatforms) = postSolution
		{8E122171-3A75-42D6-99EA-6E9D4F89E9A6}.Debug|x64.ActiveCfg = Debug|x64
		{8E122171-3A75-42D6-99EA-6E9D4F89E9A6}.Debug|x64.Build.0 = Debug|x64
		{8E122171-3A75-42D6-99EA-6E9D4F89E9A6}.Debug|x86.ActiveCfg = Debug|Win32
		{8E122171-3A75-42D6-99EA-6E9D4F89E9A6}.Debug|x86.Build.0 = Debug|Win32
		{8E122171-3A75-42D6-99EA-6E9D4F89E9A6}.Release|x64.ActiveCfg = Release|x64
		{8E122171-3A75-42D6-99EA-6E9D4F89E9A6}.Release|x64.Build.0 = Release|x64
		{8E122171-3A75-42D6-99EA-6E9D4F89E9A6}.Release|x86.ActiveCfg = Release|Win32
		{8E122171-3A75-42D6-99EA-6E9D4F89E9A6}.Release|x86.Build.0 = Release|Win32
	EndGlobalSection
	GlobalSection(SolutionProperties) = preSolution
		HideSolutionNode = FALSE
	EndGlobalSection
	GlobalSection(ExtensibilityGlobals) = postSolution
		SolutionGuid = {43E18CC0-B5F0-4535-AB4B-6629ACCA33F4}
	EndGlobalSection
EndGlobal
