
Microsoft Visual Studio Solution File, Format Version 12.00
# Visual Studio Version 16
VisualStudioVersion = 16.0.29306.81
MinimumVisualStudioVersion = 10.0.40219.1
Project("{8BC9CEB8-8B4A-11D0-8D11-00A0C91BC942}") = "fifo-lofo", "fifo-lofo.vcxproj", "{6F82F09B-1D26-4DF3-BEAE-EFA43A066472}"
EndProject
Global
	GlobalSection(SolutionConfigurationPlatforms) = preSolution
		Debug|x64 = Debug|x64
		Debug|x86 = Debug|x86
		Release|x64 = Release|x64
		Release|x86 = Release|x86
	EndGlobalSection
	GlobalSection(ProjectConfigurationPlatforms) = postSolution
		{6F82F09B-1D26-4DF3-BEAE-EFA43A066472}.Debug|x64.ActiveCfg = Debug|x64
		{6F82F09B-1D26-4DF3-BEAE-EFA43A066472}.Debug|x64.Build.0 = Debug|x64
		{6F82F09B-1D26-4DF3-BEAE-EFA43A066472}.Debug|x86.ActiveCfg = Debug|Win32
		{6F82F09B-1D26-4DF3-BEAE-EFA43A066472}.Debug|x86.Build.0 = Debug|Win32
		{6F82F09B-1D26-4DF3-BEAE-EFA43A066472}.Release|x64.ActiveCfg = Release|x64
		{6F82F09B-1D26-4DF3-BEAE-EFA43A066472}.Release|x64.Build.0 = Release|x64
		{6F82F09B-1D26-4DF3-BEAE-EFA43A066472}.Release|x86.ActiveCfg = Release|Win32
		{6F82F09B-1D26-4DF3-BEAE-EFA43A066472}.Release|x86.Build.0 = Release|Win32
	EndGlobalSection
	GlobalSection(SolutionProperties) = preSolution
		HideSolutionNode = FALSE
	EndGlobalSection
	GlobalSection(ExtensibilityGlobals) = postSolution
		SolutionGuid = {D62629A5-F120-4E5E-8C70-A1D2CB131845}
	EndGlobalSection
EndGlobal
